
Microsoft Visual Studio Solution File, Format Version 12.00
# Visual Studio Version 17
VisualStudioVersion = 17.3.32804.467
MinimumVisualStudioVersion = 10.0.40219.1
Project("{FAE04EC0-301F-11D3-BF4B-00C04F79EFBC}") = "PayrollSystem", "PayrollSystem\PayrollSystem.csproj", "{86D29A51-C232-4D03-A79A-5B78890FF682}"
EndProject
Global
	GlobalSection(SolutionConfigurationPlatforms) = preSolution
		Debug|Any CPU = Debug|Any CPU
		Release|Any CPU = Release|Any CPU
	EndGlobalSection
	GlobalSection(ProjectConfigurationPlatforms) = postSolution
		{86D29A51-C232-4D03-A79A-5B78890FF682}.Debug|Any CPU.ActiveCfg = Debug|Any CPU
		{86D29A51-C232-4D03-A79A-5B78890FF682}.Debug|Any CPU.Build.0 = Debug|Any CPU
		{86D29A51-C232-4D03-A79A-5B78890FF682}.Release|Any CPU.ActiveCfg = Release|Any CPU
		{86D29A51-C232-4D03-A79A-5B78890FF682}.Release|Any CPU.Build.0 = Release|Any CPU
	EndGlobalSection
	GlobalSection(SolutionProperties) = preSolution
		HideSolutionNode = FALSE
	EndGlobalSection
	GlobalSection(ExtensibilityGlobals) = postSolution
		SolutionGuid = {584004EB-5DE8-4A8C-8838-A1922006496B}
	EndGlobalSection
EndGlobal
